
Microsoft Visual Studio Solution File, Format Version 12.00
# Visual Studio Version 17
VisualStudioVersion = 17.7.34009.444
MinimumVisualStudioVersion = 10.0.40219.1
Project("{FAE04EC0-301F-11D3-BF4B-00C04F79EFBC}") = "Dolunay.Web", "Dolunay.Web\Dolunay.Web.csproj", "{D3DC3241-EC5F-459F-A943-879A1D20B13E}"
EndProject
Global
	GlobalSection(SolutionConfigurationPlatforms) = preSolution
		Debug|Any CPU = Debug|Any CPU
		Release|Any CPU = Release|Any CPU
	EndGlobalSection
	GlobalSection(ProjectConfigurationPlatforms) = postSolution
		{D3DC3241-EC5F-459F-A943-879A1D20B13E}.Debug|Any CPU.ActiveCfg = Debug|Any CPU
		{D3DC3241-EC5F-459F-A943-879A1D20B13E}.Debug|Any CPU.Build.0 = Debug|Any CPU
		{D3DC3241-EC5F-459F-A943-879A1D20B13E}.Release|Any CPU.ActiveCfg = Release|Any CPU
		{D3DC3241-EC5F-459F-A943-879A1D20B13E}.Release|Any CPU.Build.0 = Release|Any CPU
	EndGlobalSection
	GlobalSection(SolutionProperties) = preSolution
		HideSolutionNode = FALSE
	EndGlobalSection
	GlobalSection(ExtensibilityGlobals) = postSolution
		SolutionGuid = {BE8AA22F-FE90-466F-965A-ED37701DEFAE}
	EndGlobalSection
EndGlobal
